
Microsoft Visual Studio Solution File, Format Version 12.00
# Visual Studio Version 17
VisualStudioVersion = 17.5.002.0
MinimumVisualStudioVersion = 10.0.40219.1
Project("{9A19103F-16F7-4668-BE54-9A1E7A4F7556}") = "DesafioPOO", "DesafioPOO.csproj", "{91B2AEA0-944D-43F0-8ADF-1C16FB8E1038}"
EndProject
Global
	GlobalSection(SolutionConfigurationPlatforms) = preSolution
		Debug|Any CPU = Debug|Any CPU
		Release|Any CPU = Release|Any CPU
	EndGlobalSection
	GlobalSection(ProjectConfigurationPlatforms) = postSolution
		{91B2AEA0-944D-43F0-8ADF-1C16FB8E1038}.Debug|Any CPU.ActiveCfg = Debug|Any CPU
		{91B2AEA0-944D-43F0-8ADF-1C16FB8E1038}.Debug|Any CPU.Build.0 = Debug|Any CPU
		{91B2AEA0-944D-43F0-8ADF-1C16FB8E1038}.Release|Any CPU.ActiveCfg = Release|Any CPU
		{91B2AEA0-944D-43F0-8ADF-1C16FB8E1038}.Release|Any CPU.Build.0 = Release|Any CPU
	EndGlobalSection
	GlobalSection(SolutionProperties) = preSolution
		HideSolutionNode = FALSE
	EndGlobalSection
	GlobalSection(ExtensibilityGlobals) = postSolution
		SolutionGuid = {AEBBC8A0-338F-424A-8904-41BDB73B88E1}
	EndGlobalSection
EndGlobal
